
Microsoft Visual Studio Solution File, Format Version 12.00
# Visual Studio Version 17
VisualStudioVersion = 17.5.33627.172
MinimumVisualStudioVersion = 10.0.40219.1
Project("{FAE04EC0-301F-11D3-BF4B-00C04F79EFBC}") = "IPZ lab2", "IPZ lab2.csproj", "{A04EF9A6-B93D-43EA-BDD6-A45F358E4775}"
EndProject
Global
	GlobalSection(SolutionConfigurationPlatforms) = preSolution
		Debug|Any CPU = Debug|Any CPU
		Release|Any CPU = Release|Any CPU
	EndGlobalSection
	GlobalSection(ProjectConfigurationPlatforms) = postSolution
		{A04EF9A6-B93D-43EA-BDD6-A45F358E4775}.Debug|Any CPU.ActiveCfg = Debug|Any CPU
		{A04EF9A6-B93D-43EA-BDD6-A45F358E4775}.Debug|Any CPU.Build.0 = Debug|Any CPU
		{A04EF9A6-B93D-43EA-BDD6-A45F358E4775}.Release|Any CPU.ActiveCfg = Release|Any CPU
		{A04EF9A6-B93D-43EA-BDD6-A45F358E4775}.Release|Any CPU.Build.0 = Release|Any CPU
	EndGlobalSection
	GlobalSection(SolutionProperties) = preSolution
		HideSolutionNode = FALSE
	EndGlobalSection
	GlobalSection(ExtensibilityGlobals) = postSolution
		SolutionGuid = {01F366C9-0836-41E7-BAE1-F03679950E12}
	EndGlobalSection
EndGlobal
